
Microsoft Visual Studio Solution File, Format Version 12.00
# Visual Studio Version 17
VisualStudioVersion = 17.6.33801.468
MinimumVisualStudioVersion = 10.0.40219.1
Project("{FAE04EC0-301F-11D3-BF4B-00C04F79EFBC}") = "RegexDemo", "RegexDemo\RegexDemo.csproj", "{8EDF3C07-DD47-4E85-94FD-378ADF8EA707}"
EndProject
Global
	GlobalSection(SolutionConfigurationPlatforms) = preSolution
		Debug|Any CPU = Debug|Any CPU
		Release|Any CPU = Release|Any CPU
	EndGlobalSection
	GlobalSection(ProjectConfigurationPlatforms) = postSolution
		{8EDF3C07-DD47-4E85-94FD-378ADF8EA707}.Debug|Any CPU.ActiveCfg = Debug|Any CPU
		{8EDF3C07-DD47-4E85-94FD-378ADF8EA707}.Debug|Any CPU.Build.0 = Debug|Any CPU
		{8EDF3C07-DD47-4E85-94FD-378ADF8EA707}.Release|Any CPU.ActiveCfg = Release|Any CPU
		{8EDF3C07-DD47-4E85-94FD-378ADF8EA707}.Release|Any CPU.Build.0 = Release|Any CPU
	EndGlobalSection
	GlobalSection(SolutionProperties) = preSolution
		HideSolutionNode = FALSE
	EndGlobalSection
	GlobalSection(ExtensibilityGlobals) = postSolution
		SolutionGuid = {A3DA8CCC-C485-49F9-8643-E3FC800C9A4F}
	EndGlobalSection
EndGlobal
